
Microsoft Visual Studio Solution File, Format Version 12.00
# Visual Studio Version 17
VisualStudioVersion = 17.3.32819.101
MinimumVisualStudioVersion = 10.0.40219.1
Project("{2150E333-8FDC-42A3-9474-1A3956D46DE8}") = "ENVIRONMENT", "ENVIRONMENT", "{20DCE25B-EBC0-4A68-97EF-001EEF70000E}"
	ProjectSection(SolutionItems) = preProject
		..\.gitignore = ..\.gitignore
	EndProjectSection
EndProject
Project("{2150E333-8FDC-42A3-9474-1A3956D46DE8}") = "SOURCE", "SOURCE", "{75BC0FE5-7205-455E-B093-FB22EA6303DB}"
EndProject
Project("{2150E333-8FDC-42A3-9474-1A3956D46DE8}") = "DEPLOYMENT", "DEPLOYMENT", "{9A138A2C-4DDC-4A6D-AEAB-0C9DEF05180F}"
	ProjectSection(SolutionItems) = preProject
		..\.github\workflows\_readme.md = ..\.github\workflows\_readme.md
	EndProjectSection
EndProject
Project("{2150E333-8FDC-42A3-9474-1A3956D46DE8}") = "ABOUT", "ABOUT", "{A62B2C0C-C512-4283-AA64-DFECA1C16239}"
	ProjectSection(SolutionItems) = preProject
		..\readme.md = ..\readme.md
	EndProjectSection
EndProject
Project("{2150E333-8FDC-42A3-9474-1A3956D46DE8}") = "CONFIGURATION", "CONFIGURATION", "{1D7BCCF4-2C19-451C-A3A4-218DCDFF872B}"
	ProjectSection(SolutionItems) = preProject
		00.Scripts\post-build.ps1 = 00.Scripts\post-build.ps1
	EndProjectSection
EndProject
Project("{9A19103F-16F7-4668-BE54-9A1E7A4F7556}") = "App.Modules.Sys.Substrate.Contracts", "App.Modules.Sys.Substrate.Contracts\App.Modules.Sys.Substrate.Contracts.csproj", "{B8B07BE2-CCB9-499E-921E-17DEC67088E8}"
EndProject
Project("{9A19103F-16F7-4668-BE54-9A1E7A4F7556}") = "App.Modules.Sys.Substrate", "App.Modules.Sys.Substrate\App.Modules.Sys.Substrate.csproj", "{C90226B0-E7CA-49AC-9E26-BCED23020347}"
EndProject
Project("{9A19103F-16F7-4668-BE54-9A1E7A4F7556}") = "App.Modules.Sys.Domain", "App.Modules.Sys.Domain\App.Modules.Sys.Domain.csproj", "{6FD55298-40DE-4A55-A2DA-4CA56DD1D302}"
EndProject
Project("{9A19103F-16F7-4668-BE54-9A1E7A4F7556}") = "App.Modules.Sys.Infrastructure", "App.Modules.Sys.Infrastructure\App.Modules.Sys.Infrastructure.csproj", "{403C7849-9FDD-4DD3-A9FC-9C215A1682A7}"
EndProject
Project("{9A19103F-16F7-4668-BE54-9A1E7A4F7556}") = "App.Modules.Sys.Infrastructure.Data.EF", "App.Modules.Sys.Infrastructure.Data.EF\App.Modules.Sys.Infrastructure.Data.EF.csproj", "{899D2113-8F3B-4BD5-9161-A2D579238C22}"
EndProject
Project("{9A19103F-16F7-4668-BE54-9A1E7A4F7556}") = "App.Modules.Sys.Infrastructure.IoC.Autofac", "App.Modules.Sys.Infrastructure.IoC.Autofac\App.Modules.Sys.Infrastructure.IoC.Autofac.csproj", "{F9E2A93D-5ACA-433F-BB96-6D6E53A98D4C}"
EndProject
Project("{9A19103F-16F7-4668-BE54-9A1E7A4F7556}") = "App.Modules.Sys.Application", "App.Modules.Sys.Application\App.Modules.Sys.Application.csproj", "{4F428F21-670D-4A5F-9C6E-481E2FB67953}"
EndProject
Project("{9A19103F-16F7-4668-BE54-9A1E7A4F7556}") = "App.Modules.Sys.Interfaces.Models", "App.Modules.Sys.Interfaces.Models\App.Modules.Sys.Interfaces.Models.csproj", "{E09502F1-9521-4765-B002-B5B7EF923DA8}"
EndProject
Project("{9A19103F-16F7-4668-BE54-9A1E7A4F7556}") = "App.Modules.Sys.Interfaces.API.REST", "App.Modules.Sys.Interfaces.API.REST\App.Modules.Sys.Interfaces.API.REST.csproj", "{4C565EE2-E595-4A11-92E6-8029BA79CA4A}"
EndProject
Project("{9A19103F-16F7-4668-BE54-9A1E7A4F7556}") = "App.Modules.Sys.Interfaces.API.ODATA", "App.Modules.Sys.Interfaces.API.ODATA\App.Modules.Sys.Interfaces.API.ODATA.csproj", "{0598D8F7-F01C-4803-A48F-7C52996A77C8}"
EndProject
Project("{9A19103F-16F7-4668-BE54-9A1E7A4F7556}") = "App.Modules.Sys.Interfaces.API.GraphQL", "App.Modules.Sys.Interfaces.API.GraphQL\App.Modules.Sys.Interfaces.API.GraphQL.csproj", "{BA4658E4-F8C2-4BAE-9EE3-0A2DEA7EA559}"
EndProject
Project("{9A19103F-16F7-4668-BE54-9A1E7A4F7556}") = "App.Modules.Sys.Infrastructure.Services.AWS", "App.Modules.Sys.Infrastructure.Services.AWS\App.Modules.Sys.Infrastructure.Services.AWS.csproj", "{99470703-D172-439B-8A74-9BF8A1E1E3F6}"
EndProject
Project("{9A19103F-16F7-4668-BE54-9A1E7A4F7556}") = "App.Modules.Sys.Infrastructure.Services.Azure", "App.Modules.Sys.Infrastructure.Services.Azure\App.Modules.Sys.Infrastructure.Services.Azure.csproj", "{0685CB9D-194E-40FE-B256-49F98D91C46C}"
EndProject
Global
	GlobalSection(SolutionConfigurationPlatforms) = preSolution
		Debug|Any CPU = Debug|Any CPU
		Release|Any CPU = Release|Any CPU
	EndGlobalSection
	GlobalSection(ProjectConfigurationPlatforms) = postSolution
		{B8B07BE2-CCB9-499E-921E-17DEC67088E8}.Debug|Any CPU.ActiveCfg = Debug|Any CPU
		{B8B07BE2-CCB9-499E-921E-17DEC67088E8}.Debug|Any CPU.Build.0 = Debug|Any CPU
		{B8B07BE2-CCB9-499E-921E-17DEC67088E8}.Release|Any CPU.ActiveCfg = Release|Any CPU
		{B8B07BE2-CCB9-499E-921E-17DEC67088E8}.Release|Any CPU.Build.0 = Release|Any CPU
		{C90226B0-E7CA-49AC-9E26-BCED23020347}.Debug|Any CPU.ActiveCfg = Debug|Any CPU
		{C90226B0-E7CA-49AC-9E26-BCED23020347}.Debug|Any CPU.Build.0 = Debug|Any CPU
		{C90226B0-E7CA-49AC-9E26-BCED23020347}.Release|Any CPU.ActiveCfg = Release|Any CPU
		{C90226B0-E7CA-49AC-9E26-BCED23020347}.Release|Any CPU.Build.0 = Release|Any CPU
		{6FD55298-40DE-4A55-A2DA-4CA56DD1D302}.Debug|Any CPU.ActiveCfg = Debug|Any CPU
		{6FD55298-40DE-4A55-A2DA-4CA56DD1D302}.Debug|Any CPU.Build.0 = Debug|Any CPU
		{6FD55298-40DE-4A55-A2DA-4CA56DD1D302}.Release|Any CPU.ActiveCfg = Release|Any CPU
		{6FD55298-40DE-4A55-A2DA-4CA56DD1D302}.Release|Any CPU.Build.0 = Release|Any CPU
		{403C7849-9FDD-4DD3-A9FC-9C215A1682A7}.Debug|Any CPU.ActiveCfg = Debug|Any CPU
		{403C7849-9FDD-4DD3-A9FC-9C215A1682A7}.Debug|Any CPU.Build.0 = Debug|Any CPU
		{403C7849-9FDD-4DD3-A9FC-9C215A1682A7}.Release|Any CPU.ActiveCfg = Release|Any CPU
		{403C7849-9FDD-4DD3-A9FC-9C215A1682A7}.Release|Any CPU.Build.0 = Release|Any CPU
		{899D2113-8F3B-4BD5-9161-A2D579238C22}.Debug|Any CPU.ActiveCfg = Debug|Any CPU
		{899D2113-8F3B-4BD5-9161-A2D579238C22}.Debug|Any CPU.Build.0 = Debug|Any CPU
		{899D2113-8F3B-4BD5-9161-A2D579238C22}.Release|Any CPU.ActiveCfg = Release|Any CPU
		{899D2113-8F3B-4BD5-9161-A2D579238C22}.Release|Any CPU.Build.0 = Release|Any CPU
		{F9E2A93D-5ACA-433F-BB96-6D6E53A98D4C}.Debug|Any CPU.ActiveCfg = Debug|Any CPU
		{F9E2A93D-5ACA-433F-BB96-6D6E53A98D4C}.Debug|Any CPU.Build.0 = Debug|Any CPU
		{F9E2A93D-5ACA-433F-BB96-6D6E53A98D4C}.Release|Any CPU.ActiveCfg = Release|Any CPU
		{F9E2A93D-5ACA-433F-BB96-6D6E53A98D4C}.Release|Any CPU.Build.0 = Release|Any CPU
		{4F428F21-670D-4A5F-9C6E-481E2FB67953}.Debug|Any CPU.ActiveCfg = Debug|Any CPU
		{4F428F21-670D-4A5F-9C6E-481E2FB67953}.Debug|Any CPU.Build.0 = Debug|Any CPU
		{4F428F21-670D-4A5F-9C6E-481E2FB67953}.Release|Any CPU.ActiveCfg = Release|Any CPU
		{4F428F21-670D-4A5F-9C6E-481E2FB67953}.Release|Any CPU.Build.0 = Release|Any CPU
		{E09502F1-9521-4765-B002-B5B7EF923DA8}.Debug|Any CPU.ActiveCfg = Debug|Any CPU
		{E09502F1-9521-4765-B002-B5B7EF923DA8}.Debug|Any CPU.Build.0 = Debug|Any CPU
		{E09502F1-9521-4765-B002-B5B7EF923DA8}.Release|Any CPU.ActiveCfg = Release|Any CPU
		{E09502F1-9521-4765-B002-B5B7EF923DA8}.Release|Any CPU.Build.0 = Release|Any CPU
		{4C565EE2-E595-4A11-92E6-8029BA79CA4A}.Debug|Any CPU.ActiveCfg = Debug|Any CPU
		{4C565EE2-E595-4A11-92E6-8029BA79CA4A}.Debug|Any CPU.Build.0 = Debug|Any CPU
		{4C565EE2-E595-4A11-92E6-8029BA79CA4A}.Release|Any CPU.ActiveCfg = Release|Any CPU
		{4C565EE2-E595-4A11-92E6-8029BA79CA4A}.Release|Any CPU.Build.0 = Release|Any CPU
		{0598D8F7-F01C-4803-A48F-7C52996A77C8}.Debug|Any CPU.ActiveCfg = Debug|Any CPU
		{0598D8F7-F01C-4803-A48F-7C52996A77C8}.Debug|Any CPU.Build.0 = Debug|Any CPU
		{0598D8F7-F01C-4803-A48F-7C52996A77C8}.Release|Any CPU.ActiveCfg = Release|Any CPU
		{0598D8F7-F01C-4803-A48F-7C52996A77C8}.Release|Any CPU.Build.0 = Release|Any CPU
		{BA4658E4-F8C2-4BAE-9EE3-0A2DEA7EA559}.Debug|Any CPU.ActiveCfg = Debug|Any CPU
		{BA4658E4-F8C2-4BAE-9EE3-0A2DEA7EA559}.Debug|Any CPU.Build.0 = Debug|Any CPU
		{BA4658E4-F8C2-4BAE-9EE3-0A2DEA7EA559}.Release|Any CPU.ActiveCfg = Release|Any CPU
		{BA4658E4-F8C2-4BAE-9EE3-0A2DEA7EA559}.Release|Any CPU.Build.0 = Release|Any CPU
		{99470703-D172-439B-8A74-9BF8A1E1E3F6}.Debug|Any CPU.ActiveCfg = Debug|Any CPU
		{99470703-D172-439B-8A74-9BF8A1E1E3F6}.Debug|Any CPU.Build.0 = Debug|Any CPU
		{99470703-D172-439B-8A74-9BF8A1E1E3F6}.Release|Any CPU.ActiveCfg = Release|Any CPU
		{99470703-D172-439B-8A74-9BF8A1E1E3F6}.Release|Any CPU.Build.0 = Release|Any CPU
		{0685CB9D-194E-40FE-B256-49F98D91C46C}.Debug|Any CPU.ActiveCfg = Debug|Any CPU
		{0685CB9D-194E-40FE-B256-49F98D91C46C}.Debug|Any CPU.Build.0 = Debug|Any CPU
		{0685CB9D-194E-40FE-B256-49F98D91C46C}.Release|Any CPU.ActiveCfg = Release|Any CPU
		{0685CB9D-194E-40FE-B256-49F98D91C46C}.Release|Any CPU.Build.0 = Release|Any CPU
	EndGlobalSection
	GlobalSection(SolutionProperties) = preSolution
		HideSolutionNode = FALSE
	EndGlobalSection
	GlobalSection(NestedProjects) = preSolution
		{B8B07BE2-CCB9-499E-921E-17DEC67088E8} = {75BC0FE5-7205-455E-B093-FB22EA6303DB}
		{C90226B0-E7CA-49AC-9E26-BCED23020347} = {75BC0FE5-7205-455E-B093-FB22EA6303DB}
		{6FD55298-40DE-4A55-A2DA-4CA56DD1D302} = {75BC0FE5-7205-455E-B093-FB22EA6303DB}
		{403C7849-9FDD-4DD3-A9FC-9C215A1682A7} = {75BC0FE5-7205-455E-B093-FB22EA6303DB}
		{899D2113-8F3B-4BD5-9161-A2D579238C22} = {75BC0FE5-7205-455E-B093-FB22EA6303DB}
		{F9E2A93D-5ACA-433F-BB96-6D6E53A98D4C} = {75BC0FE5-7205-455E-B093-FB22EA6303DB}
		{4F428F21-670D-4A5F-9C6E-481E2FB67953} = {75BC0FE5-7205-455E-B093-FB22EA6303DB}
		{E09502F1-9521-4765-B002-B5B7EF923DA8} = {75BC0FE5-7205-455E-B093-FB22EA6303DB}
		{4C565EE2-E595-4A11-92E6-8029BA79CA4A} = {75BC0FE5-7205-455E-B093-FB22EA6303DB}
		{0598D8F7-F01C-4803-A48F-7C52996A77C8} = {75BC0FE5-7205-455E-B093-FB22EA6303DB}
		{BA4658E4-F8C2-4BAE-9EE3-0A2DEA7EA559} = {75BC0FE5-7205-455E-B093-FB22EA6303DB}
		{99470703-D172-439B-8A74-9BF8A1E1E3F6} = {75BC0FE5-7205-455E-B093-FB22EA6303DB}
		{0685CB9D-194E-40FE-B256-49F98D91C46C} = {75BC0FE5-7205-455E-B093-FB22EA6303DB}
	EndGlobalSection
	GlobalSection(ExtensibilityGlobals) = postSolution
		SolutionGuid = {BDB442BB-D4EA-49AF-A7FF-ADF9F0EADC57}
	EndGlobalSection
EndGlobal
